// !$*UTF8*$!
{
	archiveVersion = 1;
	classes = {
	};
	objectVersion = 56;
	objects = {

/* Begin PBXBuildFile section */
		B63A7A5D2B390A4100A08210 /* bestokApp.swift in Sources */ = {isa = PBXBuildFile; fileRef = B63A7A5C2B390A4100A08210 /* bestokApp.swift */; };
		B63A7A5F2B390A4100A08210 /* ContentView.swift in Sources */ = {isa = PBXBuildFile; fileRef = B63A7A5E2B390A4100A08210 /* ContentView.swift */; };
		B63A7A612B390A4100A08210 /* Item.swift in Sources */ = {isa = PBXBuildFile; fileRef = B63A7A602B390A4100A08210 /* Item.swift */; };
		B63A7A632B390A4200A08210 /* Assets.xcassets in Resources */ = {isa = PBXBuildFile; fileRef = B63A7A622B390A4200A08210 /* Assets.xcassets */; };
		B63A7A662B390A4200A08210 /* Preview Assets.xcassets in Resources */ = {isa = PBXBuildFile; fileRef = B63A7A652B390A4200A08210 /* Preview Assets.xcassets */; };
		B63A7A702B390A4200A08210 /* bestokTests.swift in Sources */ = {isa = PBXBuildFile; fileRef = B63A7A6F2B390A4200A08210 /* bestokTests.swift */; };
		B63A7A7A2B390A4200A08210 /* bestokUITests.swift in Sources */ = {isa = PBXBuildFile; fileRef = B63A7A792B390A4200A08210 /* bestokUITests.swift */; };
		B63A7A7C2B390A4200A08210 /* bestokUITestsLaunchTests.swift in Sources */ = {isa = PBXBuildFile; fileRef = B63A7A7B2B390A4200A08210 /* bestokUITestsLaunchTests.swift */; };
		B63A7A8B2B390BC100A08210 /* ShortVideoPlayer.swift in Sources */ = {isa = PBXBuildFile; fileRef = B63A7A8A2B390BC100A08210 /* ShortVideoPlayer.swift */; };
		B63A7A8D2B39110900A08210 /* ShortVideoPlayerViewModel.swift in Sources */ = {isa = PBXBuildFile; fileRef = B63A7A8C2B39110900A08210 /* ShortVideoPlayerViewModel.swift */; };
		B63A7A902B39126900A08210 /* VideoController.swift in Sources */ = {isa = PBXBuildFile; fileRef = B63A7A8F2B39126900A08210 /* VideoController.swift */; };
		B63A7A922B39159200A08210 /* AVPlayerView.swift in Sources */ = {isa = PBXBuildFile; fileRef = B63A7A912B39159200A08210 /* AVPlayerView.swift */; };
		B63A7A952B391B2700A08210 /* TiktokVideoData.swift in Sources */ = {isa = PBXBuildFile; fileRef = B63A7A942B391B2700A08210 /* TiktokVideoData.swift */; };
		B63A7A972B391FB500A08210 /* TikTokTranslator.swift in Sources */ = {isa = PBXBuildFile; fileRef = B63A7A962B391FB500A08210 /* TikTokTranslator.swift */; };
		B63A7A992B39242D00A08210 /* ConverseView.swift in Sources */ = {isa = PBXBuildFile; fileRef = B63A7A982B39242D00A08210 /* ConverseView.swift */; };
		B63A7A9C2B3989AA00A08210 /* VideoCarousel.swift in Sources */ = {isa = PBXBuildFile; fileRef = B63A7A9B2B3989AA00A08210 /* VideoCarousel.swift */; };
		B65080442B4801D600079FF7 /* ProfileFeedView.swift in Sources */ = {isa = PBXBuildFile; fileRef = B65080432B4801D600079FF7 /* ProfileFeedView.swift */; };
		B65080462B4925ED00079FF7 /* Router.swift in Sources */ = {isa = PBXBuildFile; fileRef = B65080452B4925ED00079FF7 /* Router.swift */; };
		B65080482B493F1500079FF7 /* MainTabView.swift in Sources */ = {isa = PBXBuildFile; fileRef = B65080472B493F1500079FF7 /* MainTabView.swift */; };
		B65474312B39BCD000D14ABF /* VisionViewModifiers.swift in Sources */ = {isa = PBXBuildFile; fileRef = B65474302B39BCD000D14ABF /* VisionViewModifiers.swift */; };
		B65474332B39BFDF00D14ABF /* SphereView.swift in Sources */ = {isa = PBXBuildFile; fileRef = B65474322B39BFDF00D14ABF /* SphereView.swift */; };
		B65474362B39C00800D14ABF /* Destination.swift in Sources */ = {isa = PBXBuildFile; fileRef = B65474352B39C00800D14ABF /* Destination.swift */; };
		B6BFDA3F2B401FD70021F536 /* ConverseViewModel.swift in Sources */ = {isa = PBXBuildFile; fileRef = B6BFDA3E2B401FD70021F536 /* ConverseViewModel.swift */; };
		B6BFDA412B40E6000021F536 /* DownloadActionSheetView.swift in Sources */ = {isa = PBXBuildFile; fileRef = B6BFDA402B40E6000021F536 /* DownloadActionSheetView.swift */; };
		B6E377382B3E55B3009B8D10 /* StoreKit.framework in Frameworks */ = {isa = PBXBuildFile; fileRef = B6E377372B3E55B3009B8D10 /* StoreKit.framework */; };
		B6E3773B2B3E78CA009B8D10 /* TrendVideoData.swift in Sources */ = {isa = PBXBuildFile; fileRef = B6E3773A2B3E78CA009B8D10 /* TrendVideoData.swift */; };
		B6E3773D2B3EF44F009B8D10 /* TrendingFeedView.swift in Sources */ = {isa = PBXBuildFile; fileRef = B6E3773C2B3EF44F009B8D10 /* TrendingFeedView.swift */; };
		B6E3773F2B3EFC67009B8D10 /* TiktokSamples.swift in Sources */ = {isa = PBXBuildFile; fileRef = B6E3773E2B3EFC67009B8D10 /* TiktokSamples.swift */; };
		B6EE470C2B3CF54C0048A604 /* Karrik-Italic.ttf in Resources */ = {isa = PBXBuildFile; fileRef = B6EE470A2B3CF54C0048A604 /* Karrik-Italic.ttf */; };
		B6EE470D2B3CF54C0048A604 /* Karrik-Regular.ttf in Resources */ = {isa = PBXBuildFile; fileRef = B6EE470B2B3CF54C0048A604 /* Karrik-Regular.ttf */; };
		B6EE470F2B3CF5730048A604 /* HomeView.swift in Sources */ = {isa = PBXBuildFile; fileRef = B6EE470E2B3CF5730048A604 /* HomeView.swift */; };
		B6EE47112B3CFA190048A604 /* DonateView.swift in Sources */ = {isa = PBXBuildFile; fileRef = B6EE47102B3CFA190048A604 /* DonateView.swift */; };
/* End PBXBuildFile section */

/* Begin PBXContainerItemProxy section */
		B63A7A6C2B390A4200A08210 /* PBXContainerItemProxy */ = {
			isa = PBXContainerItemProxy;
			containerPortal = B63A7A512B390A4100A08210 /* Project object */;
			proxyType = 1;
			remoteGlobalIDString = B63A7A582B390A4100A08210;
			remoteInfo = bestok;
		};
		B63A7A762B390A4200A08210 /* PBXContainerItemProxy */ = {
			isa = PBXContainerItemProxy;
			containerPortal = B63A7A512B390A4100A08210 /* Project object */;
			proxyType = 1;
			remoteGlobalIDString = B63A7A582B390A4100A08210;
			remoteInfo = bestok;
		};
/* End PBXContainerItemProxy section */

/* Begin PBXFileReference section */
		B63A7A592B390A4100A08210 /* bestok.app */ = {isa = PBXFileReference; explicitFileType = wrapper.application; includeInIndex = 0; path = bestok.app; sourceTree = BUILT_PRODUCTS_DIR; };
		B63A7A5C2B390A4100A08210 /* bestokApp.swift */ = {isa = PBXFileReference; lastKnownFileType = sourcecode.swift; path = bestokApp.swift; sourceTree = "<group>"; };
		B63A7A5E2B390A4100A08210 /* ContentView.swift */ = {isa = PBXFileReference; lastKnownFileType = sourcecode.swift; path = ContentView.swift; sourceTree = "<group>"; };
		B63A7A602B390A4100A08210 /* Item.swift */ = {isa = PBXFileReference; lastKnownFileType = sourcecode.swift; path = Item.swift; sourceTree = "<group>"; };
		B63A7A622B390A4200A08210 /* Assets.xcassets */ = {isa = PBXFileReference; lastKnownFileType = folder.assetcatalog; path = Assets.xcassets; sourceTree = "<group>"; };
		B63A7A652B390A4200A08210 /* Preview Assets.xcassets */ = {isa = PBXFileReference; lastKnownFileType = folder.assetcatalog; path = "Preview Assets.xcassets"; sourceTree = "<group>"; };
		B63A7A6B2B390A4200A08210 /* bestokTests.xctest */ = {isa = PBXFileReference; explicitFileType = wrapper.cfbundle; includeInIndex = 0; path = bestokTests.xctest; sourceTree = BUILT_PRODUCTS_DIR; };
		B63A7A6F2B390A4200A08210 /* bestokTests.swift */ = {isa = PBXFileReference; lastKnownFileType = sourcecode.swift; path = bestokTests.swift; sourceTree = "<group>"; };
		B63A7A752B390A4200A08210 /* bestokUITests.xctest */ = {isa = PBXFileReference; explicitFileType = wrapper.cfbundle; includeInIndex = 0; path = bestokUITests.xctest; sourceTree = BUILT_PRODUCTS_DIR; };
		B63A7A792B390A4200A08210 /* bestokUITests.swift */ = {isa = PBXFileReference; lastKnownFileType = sourcecode.swift; path = bestokUITests.swift; sourceTree = "<group>"; };
		B63A7A7B2B390A4200A08210 /* bestokUITestsLaunchTests.swift */ = {isa = PBXFileReference; lastKnownFileType = sourcecode.swift; path = bestokUITestsLaunchTests.swift; sourceTree = "<group>"; };
		B63A7A8A2B390BC100A08210 /* ShortVideoPlayer.swift */ = {isa = PBXFileReference; lastKnownFileType = sourcecode.swift; path = ShortVideoPlayer.swift; sourceTree = "<group>"; };
		B63A7A8C2B39110900A08210 /* ShortVideoPlayerViewModel.swift */ = {isa = PBXFileReference; lastKnownFileType = sourcecode.swift; path = ShortVideoPlayerViewModel.swift; sourceTree = "<group>"; };
		B63A7A8F2B39126900A08210 /* VideoController.swift */ = {isa = PBXFileReference; lastKnownFileType = sourcecode.swift; path = VideoController.swift; sourceTree = "<group>"; };
		B63A7A912B39159200A08210 /* AVPlayerView.swift */ = {isa = PBXFileReference; lastKnownFileType = sourcecode.swift; path = AVPlayerView.swift; sourceTree = "<group>"; };
		B63A7A942B391B2700A08210 /* TiktokVideoData.swift */ = {isa = PBXFileReference; lastKnownFileType = sourcecode.swift; path = TiktokVideoData.swift; sourceTree = "<group>"; };
		B63A7A962B391FB500A08210 /* TikTokTranslator.swift */ = {isa = PBXFileReference; lastKnownFileType = sourcecode.swift; path = TikTokTranslator.swift; sourceTree = "<group>"; };
		B63A7A982B39242D00A08210 /* ConverseView.swift */ = {isa = PBXFileReference; lastKnownFileType = sourcecode.swift; path = ConverseView.swift; sourceTree = "<group>"; };
		B63A7A9A2B3984C400A08210 /* Info.plist */ = {isa = PBXFileReference; lastKnownFileType = text.plist; path = Info.plist; sourceTree = "<group>"; };
		B63A7A9B2B3989AA00A08210 /* VideoCarousel.swift */ = {isa = PBXFileReference; lastKnownFileType = sourcecode.swift; path = VideoCarousel.swift; sourceTree = "<group>"; };
		B65080432B4801D600079FF7 /* ProfileFeedView.swift */ = {isa = PBXFileReference; lastKnownFileType = sourcecode.swift; path = ProfileFeedView.swift; sourceTree = "<group>"; };
		B65080452B4925ED00079FF7 /* Router.swift */ = {isa = PBXFileReference; lastKnownFileType = sourcecode.swift; path = Router.swift; sourceTree = "<group>"; };
		B65080472B493F1500079FF7 /* MainTabView.swift */ = {isa = PBXFileReference; lastKnownFileType = sourcecode.swift; path = MainTabView.swift; sourceTree = "<group>"; };
		B65474302B39BCD000D14ABF /* VisionViewModifiers.swift */ = {isa = PBXFileReference; lastKnownFileType = sourcecode.swift; path = VisionViewModifiers.swift; sourceTree = "<group>"; };
		B65474322B39BFDF00D14ABF /* SphereView.swift */ = {isa = PBXFileReference; lastKnownFileType = sourcecode.swift; path = SphereView.swift; sourceTree = "<group>"; };
		B65474352B39C00800D14ABF /* Destination.swift */ = {isa = PBXFileReference; lastKnownFileType = sourcecode.swift; path = Destination.swift; sourceTree = "<group>"; };
		B6BFDA3E2B401FD70021F536 /* ConverseViewModel.swift */ = {isa = PBXFileReference; lastKnownFileType = sourcecode.swift; path = ConverseViewModel.swift; sourceTree = "<group>"; };
		B6BFDA402B40E6000021F536 /* DownloadActionSheetView.swift */ = {isa = PBXFileReference; lastKnownFileType = sourcecode.swift; path = DownloadActionSheetView.swift; sourceTree = "<group>"; };
		B6E377372B3E55B3009B8D10 /* StoreKit.framework */ = {isa = PBXFileReference; lastKnownFileType = wrapper.framework; name = StoreKit.framework; path = System/Library/Frameworks/StoreKit.framework; sourceTree = SDKROOT; };
		B6E377392B3E5719009B8D10 /* tokstore.storekit */ = {isa = PBXFileReference; lastKnownFileType = text; path = tokstore.storekit; sourceTree = "<group>"; };
		B6E3773A2B3E78CA009B8D10 /* TrendVideoData.swift */ = {isa = PBXFileReference; lastKnownFileType = sourcecode.swift; path = TrendVideoData.swift; sourceTree = "<group>"; };
		B6E3773C2B3EF44F009B8D10 /* TrendingFeedView.swift */ = {isa = PBXFileReference; lastKnownFileType = sourcecode.swift; path = TrendingFeedView.swift; sourceTree = "<group>"; };
		B6E3773E2B3EFC67009B8D10 /* TiktokSamples.swift */ = {isa = PBXFileReference; lastKnownFileType = sourcecode.swift; path = TiktokSamples.swift; sourceTree = "<group>"; };
		B6EE470A2B3CF54C0048A604 /* Karrik-Italic.ttf */ = {isa = PBXFileReference; lastKnownFileType = file; path = "Karrik-Italic.ttf"; sourceTree = "<group>"; };
		B6EE470B2B3CF54C0048A604 /* Karrik-Regular.ttf */ = {isa = PBXFileReference; lastKnownFileType = file; path = "Karrik-Regular.ttf"; sourceTree = "<group>"; };
		B6EE470E2B3CF5730048A604 /* HomeView.swift */ = {isa = PBXFileReference; lastKnownFileType = sourcecode.swift; path = HomeView.swift; sourceTree = "<group>"; };
		B6EE47102B3CFA190048A604 /* DonateView.swift */ = {isa = PBXFileReference; lastKnownFileType = sourcecode.swift; path = DonateView.swift; sourceTree = "<group>"; };
/* End PBXFileReference section */

/* Begin PBXFrameworksBuildPhase section */
		B63A7A562B390A4100A08210 /* Frameworks */ = {
			isa = PBXFrameworksBuildPhase;
			buildActionMask = 2147483647;
			files = (
				B6E377382B3E55B3009B8D10 /* StoreKit.framework in Frameworks */,
			);
			runOnlyForDeploymentPostprocessing = 0;
		};
		B63A7A682B390A4200A08210 /* Frameworks */ = {
			isa = PBXFrameworksBuildPhase;
			buildActionMask = 2147483647;
			files = (
			);
			runOnlyForDeploymentPostprocessing = 0;
		};
		B63A7A722B390A4200A08210 /* Frameworks */ = {
			isa = PBXFrameworksBuildPhase;
			buildActionMask = 2147483647;
			files = (
			);
			runOnlyForDeploymentPostprocessing = 0;
		};
/* End PBXFrameworksBuildPhase section */

/* Begin PBXGroup section */
		B63A7A502B390A4100A08210 = {
			isa = PBXGroup;
			children = (
				B6E377392B3E5719009B8D10 /* tokstore.storekit */,
				B63A7A5B2B390A4100A08210 /* bestok */,
				B63A7A6E2B390A4200A08210 /* bestokTests */,
				B63A7A782B390A4200A08210 /* bestokUITests */,
				B63A7A5A2B390A4100A08210 /* Products */,
				B6E377362B3E55B3009B8D10 /* Frameworks */,
			);
			sourceTree = "<group>";
		};
		B63A7A5A2B390A4100A08210 /* Products */ = {
			isa = PBXGroup;
			children = (
				B63A7A592B390A4100A08210 /* bestok.app */,
				B63A7A6B2B390A4200A08210 /* bestokTests.xctest */,
				B63A7A752B390A4200A08210 /* bestokUITests.xctest */,
			);
			name = Products;
			sourceTree = "<group>";
		};
		B63A7A5B2B390A4100A08210 /* bestok */ = {
			isa = PBXGroup;
			children = (
				B6EE47092B3CF4730048A604 /* Resources */,
				B65474342B39BFFA00D14ABF /* Models */,
				B63A7A9A2B3984C400A08210 /* Info.plist */,
				B63A7A932B391B1800A08210 /* Utils */,
				B63A7A8E2B3911AA00A08210 /* Videos */,
				B63A7A5C2B390A4100A08210 /* bestokApp.swift */,
				B63A7A5E2B390A4100A08210 /* ContentView.swift */,
				B63A7A602B390A4100A08210 /* Item.swift */,
				B63A7A622B390A4200A08210 /* Assets.xcassets */,
				B63A7A642B390A4200A08210 /* Preview Content */,
				B63A7A8A2B390BC100A08210 /* ShortVideoPlayer.swift */,
				B63A7A8C2B39110900A08210 /* ShortVideoPlayerViewModel.swift */,
				B63A7A982B39242D00A08210 /* ConverseView.swift */,
				B6EE470E2B3CF5730048A604 /* HomeView.swift */,
				B6EE47102B3CFA190048A604 /* DonateView.swift */,
				B6E3773C2B3EF44F009B8D10 /* TrendingFeedView.swift */,
				B6BFDA3E2B401FD70021F536 /* ConverseViewModel.swift */,
				B6BFDA402B40E6000021F536 /* DownloadActionSheetView.swift */,
				B65080432B4801D600079FF7 /* ProfileFeedView.swift */,
			);
			path = bestok;
			sourceTree = "<group>";
		};
		B63A7A642B390A4200A08210 /* Preview Content */ = {
			isa = PBXGroup;
			children = (
				B63A7A652B390A4200A08210 /* Preview Assets.xcassets */,
			);
			path = "Preview Content";
			sourceTree = "<group>";
		};
		B63A7A6E2B390A4200A08210 /* bestokTests */ = {
			isa = PBXGroup;
			children = (
				B63A7A6F2B390A4200A08210 /* bestokTests.swift */,
			);
			path = bestokTests;
			sourceTree = "<group>";
		};
		B63A7A782B390A4200A08210 /* bestokUITests */ = {
			isa = PBXGroup;
			children = (
				B63A7A792B390A4200A08210 /* bestokUITests.swift */,
				B63A7A7B2B390A4200A08210 /* bestokUITestsLaunchTests.swift */,
			);
			path = bestokUITests;
			sourceTree = "<group>";
		};
		B63A7A8E2B3911AA00A08210 /* Videos */ = {
			isa = PBXGroup;
			children = (
				B63A7A8F2B39126900A08210 /* VideoController.swift */,
				B63A7A912B39159200A08210 /* AVPlayerView.swift */,
				B63A7A9B2B3989AA00A08210 /* VideoCarousel.swift */,
			);
			path = Videos;
			sourceTree = "<group>";
		};
		B63A7A932B391B1800A08210 /* Utils */ = {
			isa = PBXGroup;
			children = (
				B63A7A942B391B2700A08210 /* TiktokVideoData.swift */,
				B63A7A962B391FB500A08210 /* TikTokTranslator.swift */,
				B65474302B39BCD000D14ABF /* VisionViewModifiers.swift */,
				B65474322B39BFDF00D14ABF /* SphereView.swift */,
				B6E3773A2B3E78CA009B8D10 /* TrendVideoData.swift */,
				B6E3773E2B3EFC67009B8D10 /* TiktokSamples.swift */,
				B65080452B4925ED00079FF7 /* Router.swift */,
				B65080472B493F1500079FF7 /* MainTabView.swift */,
			);
			path = Utils;
			sourceTree = "<group>";
		};
		B65474342B39BFFA00D14ABF /* Models */ = {
			isa = PBXGroup;
			children = (
				B65474352B39C00800D14ABF /* Destination.swift */,
			);
			path = Models;
			sourceTree = "<group>";
		};
		B6E377362B3E55B3009B8D10 /* Frameworks */ = {
			isa = PBXGroup;
			children = (
				B6E377372B3E55B3009B8D10 /* StoreKit.framework */,
			);
			name = Frameworks;
			sourceTree = "<group>";
		};
		B6EE47092B3CF4730048A604 /* Resources */ = {
			isa = PBXGroup;
			children = (
				B6EE470A2B3CF54C0048A604 /* Karrik-Italic.ttf */,
				B6EE470B2B3CF54C0048A604 /* Karrik-Regular.ttf */,
			);
			path = Resources;
			sourceTree = "<group>";
		};
/* End PBXGroup section */

/* Begin PBXNativeTarget section */
		B63A7A582B390A4100A08210 /* bestok */ = {
			isa = PBXNativeTarget;
			buildConfigurationList = B63A7A7F2B390A4200A08210 /* Build configuration list for PBXNativeTarget "bestok" */;
			buildPhases = (
				B63A7A552B390A4100A08210 /* Sources */,
				B63A7A562B390A4100A08210 /* Frameworks */,
				B63A7A572B390A4100A08210 /* Resources */,
			);
			buildRules = (
			);
			dependencies = (
			);
			name = bestok;
			productName = bestok;
			productReference = B63A7A592B390A4100A08210 /* bestok.app */;
			productType = "com.apple.product-type.application";
		};
		B63A7A6A2B390A4200A08210 /* bestokTests */ = {
			isa = PBXNativeTarget;
			buildConfigurationList = B63A7A822B390A4200A08210 /* Build configuration list for PBXNativeTarget "bestokTests" */;
			buildPhases = (
				B63A7A672B390A4200A08210 /* Sources */,
				B63A7A682B390A4200A08210 /* Frameworks */,
				B63A7A692B390A4200A08210 /* Resources */,
			);
			buildRules = (
			);
			dependencies = (
				B63A7A6D2B390A4200A08210 /* PBXTargetDependency */,
			);
			name = bestokTests;
			productName = bestokTests;
			productReference = B63A7A6B2B390A4200A08210 /* bestokTests.xctest */;
			productType = "com.apple.product-type.bundle.unit-test";
		};
		B63A7A742B390A4200A08210 /* bestokUITests */ = {
			isa = PBXNativeTarget;
			buildConfigurationList = B63A7A852B390A4200A08210 /* Build configuration list for PBXNativeTarget "bestokUITests" */;
			buildPhases = (
				B63A7A712B390A4200A08210 /* Sources */,
				B63A7A722B390A4200A08210 /* Frameworks */,
				B63A7A732B390A4200A08210 /* Resources */,
			);
			buildRules = (
			);
			dependencies = (
				B63A7A772B390A4200A08210 /* PBXTargetDependency */,
			);
			name = bestokUITests;
			productName = bestokUITests;
			productReference = B63A7A752B390A4200A08210 /* bestokUITests.xctest */;
			productType = "com.apple.product-type.bundle.ui-testing";
		};
/* End PBXNativeTarget section */

/* Begin PBXProject section */
		B63A7A512B390A4100A08210 /* Project object */ = {
			isa = PBXProject;
			attributes = {
				BuildIndependentTargetsInParallel = 1;
				LastSwiftUpdateCheck = 1510;
				LastUpgradeCheck = 1510;
				TargetAttributes = {
					B63A7A582B390A4100A08210 = {
						CreatedOnToolsVersion = 15.1;
					};
					B63A7A6A2B390A4200A08210 = {
						CreatedOnToolsVersion = 15.1;
						TestTargetID = B63A7A582B390A4100A08210;
					};
					B63A7A742B390A4200A08210 = {
						CreatedOnToolsVersion = 15.1;
						TestTargetID = B63A7A582B390A4100A08210;
					};
				};
			};
			buildConfigurationList = B63A7A542B390A4100A08210 /* Build configuration list for PBXProject "bestok" */;
			compatibilityVersion = "Xcode 14.0";
			developmentRegion = en;
			hasScannedForEncodings = 0;
			knownRegions = (
				en,
				Base,
			);
			mainGroup = B63A7A502B390A4100A08210;
			productRefGroup = B63A7A5A2B390A4100A08210 /* Products */;
			projectDirPath = "";
			projectRoot = "";
			targets = (
				B63A7A582B390A4100A08210 /* bestok */,
				B63A7A6A2B390A4200A08210 /* bestokTests */,
				B63A7A742B390A4200A08210 /* bestokUITests */,
			);
		};
/* End PBXProject section */

/* Begin PBXResourcesBuildPhase section */
		B63A7A572B390A4100A08210 /* Resources */ = {
			isa = PBXResourcesBuildPhase;
			buildActionMask = 2147483647;
			files = (
				B6EE470C2B3CF54C0048A604 /* Karrik-Italic.ttf in Resources */,
				B6EE470D2B3CF54C0048A604 /* Karrik-Regular.ttf in Resources */,
				B63A7A662B390A4200A08210 /* Preview Assets.xcassets in Resources */,
				B63A7A632B390A4200A08210 /* Assets.xcassets in Resources */,
			);
			runOnlyForDeploymentPostprocessing = 0;
		};
		B63A7A692B390A4200A08210 /* Resources */ = {
			isa = PBXResourcesBuildPhase;
			buildActionMask = 2147483647;
			files = (
			);
			runOnlyForDeploymentPostprocessing = 0;
		};
		B63A7A732B390A4200A08210 /* Resources */ = {
			isa = PBXResourcesBuildPhase;
			buildActionMask = 2147483647;
			files = (
			);
			runOnlyForDeploymentPostprocessing = 0;
		};
/* End PBXResourcesBuildPhase section */

/* Begin PBXSourcesBuildPhase section */
		B63A7A552B390A4100A08210 /* Sources */ = {
			isa = PBXSourcesBuildPhase;
			buildActionMask = 2147483647;
			files = (
				B63A7A5F2B390A4100A08210 /* ContentView.swift in Sources */,
				B63A7A612B390A4100A08210 /* Item.swift in Sources */,
				B65474362B39C00800D14ABF /* Destination.swift in Sources */,
				B6BFDA3F2B401FD70021F536 /* ConverseViewModel.swift in Sources */,
				B63A7A8D2B39110900A08210 /* ShortVideoPlayerViewModel.swift in Sources */,
				B6E3773D2B3EF44F009B8D10 /* TrendingFeedView.swift in Sources */,
				B63A7A952B391B2700A08210 /* TiktokVideoData.swift in Sources */,
				B63A7A922B39159200A08210 /* AVPlayerView.swift in Sources */,
				B6E3773B2B3E78CA009B8D10 /* TrendVideoData.swift in Sources */,
				B63A7A8B2B390BC100A08210 /* ShortVideoPlayer.swift in Sources */,
				B63A7A5D2B390A4100A08210 /* bestokApp.swift in Sources */,
				B65080482B493F1500079FF7 /* MainTabView.swift in Sources */,
				B63A7A902B39126900A08210 /* VideoController.swift in Sources */,
				B63A7A992B39242D00A08210 /* ConverseView.swift in Sources */,
				B6EE47112B3CFA190048A604 /* DonateView.swift in Sources */,
				B65080442B4801D600079FF7 /* ProfileFeedView.swift in Sources */,
				B63A7A972B391FB500A08210 /* TikTokTranslator.swift in Sources */,
				B65080462B4925ED00079FF7 /* Router.swift in Sources */,
				B65474332B39BFDF00D14ABF /* SphereView.swift in Sources */,
				B6EE470F2B3CF5730048A604 /* HomeView.swift in Sources */,
				B6BFDA412B40E6000021F536 /* DownloadActionSheetView.swift in Sources */,
				B6E3773F2B3EFC67009B8D10 /* TiktokSamples.swift in Sources */,
				B65474312B39BCD000D14ABF /* VisionViewModifiers.swift in Sources */,
				B63A7A9C2B3989AA00A08210 /* VideoCarousel.swift in Sources */,
			);
			runOnlyForDeploymentPostprocessing = 0;
		};
		B63A7A672B390A4200A08210 /* Sources */ = {
			isa = PBXSourcesBuildPhase;
			buildActionMask = 2147483647;
			files = (
				B63A7A702B390A4200A08210 /* bestokTests.swift in Sources */,
			);
			runOnlyForDeploymentPostprocessing = 0;
		};
		B63A7A712B390A4200A08210 /* Sources */ = {
			isa = PBXSourcesBuildPhase;
			buildActionMask = 2147483647;
			files = (
				B63A7A7C2B390A4200A08210 /* bestokUITestsLaunchTests.swift in Sources */,
				B63A7A7A2B390A4200A08210 /* bestokUITests.swift in Sources */,
			);
			runOnlyForDeploymentPostprocessing = 0;
		};
/* End PBXSourcesBuildPhase section */

/* Begin PBXTargetDependency section */
		B63A7A6D2B390A4200A08210 /* PBXTargetDependency */ = {
			isa = PBXTargetDependency;
			target = B63A7A582B390A4100A08210 /* bestok */;
			targetProxy = B63A7A6C2B390A4200A08210 /* PBXContainerItemProxy */;
		};
		B63A7A772B390A4200A08210 /* PBXTargetDependency */ = {
			isa = PBXTargetDependency;
			target = B63A7A582B390A4100A08210 /* bestok */;
			targetProxy = B63A7A762B390A4200A08210 /* PBXContainerItemProxy */;
		};
/* End PBXTargetDependency section */

/* Begin XCBuildConfiguration section */
		B63A7A7D2B390A4200A08210 /* Debug */ = {
			isa = XCBuildConfiguration;
			buildSettings = {
				ALWAYS_SEARCH_USER_PATHS = NO;
				ASSETCATALOG_COMPILER_GENERATE_SWIFT_ASSET_SYMBOL_EXTENSIONS = YES;
				CLANG_ANALYZER_NONNULL = YES;
				CLANG_ANALYZER_NUMBER_OBJECT_CONVERSION = YES_AGGRESSIVE;
				CLANG_CXX_LANGUAGE_STANDARD = "gnu++20";
				CLANG_ENABLE_MODULES = YES;
				CLANG_ENABLE_OBJC_ARC = YES;
				CLANG_ENABLE_OBJC_WEAK = YES;
				CLANG_WARN_BLOCK_CAPTURE_AUTORELEASING = YES;
				CLANG_WARN_BOOL_CONVERSION = YES;
				CLANG_WARN_COMMA = YES;
				CLANG_WARN_CONSTANT_CONVERSION = YES;
				CLANG_WARN_DEPRECATED_OBJC_IMPLEMENTATIONS = YES;
				CLANG_WARN_DIRECT_OBJC_ISA_USAGE = YES_ERROR;
				CLANG_WARN_DOCUMENTATION_COMMENTS = YES;
				CLANG_WARN_EMPTY_BODY = YES;
				CLANG_WARN_ENUM_CONVERSION = YES;
				CLANG_WARN_INFINITE_RECURSION = YES;
				CLANG_WARN_INT_CONVERSION = YES;
				CLANG_WARN_NON_LITERAL_NULL_CONVERSION = YES;
				CLANG_WARN_OBJC_IMPLICIT_RETAIN_SELF = YES;
				CLANG_WARN_OBJC_LITERAL_CONVERSION = YES;
				CLANG_WARN_OBJC_ROOT_CLASS = YES_ERROR;
				CLANG_WARN_QUOTED_INCLUDE_IN_FRAMEWORK_HEADER = YES;
				CLANG_WARN_RANGE_LOOP_ANALYSIS = YES;
				CLANG_WARN_STRICT_PROTOTYPES = YES;
				CLANG_WARN_SUSPICIOUS_MOVE = YES;
				CLANG_WARN_UNGUARDED_AVAILABILITY = YES_AGGRESSIVE;
				CLANG_WARN_UNREACHABLE_CODE = YES;
				CLANG_WARN__DUPLICATE_METHOD_MATCH = YES;
				COPY_PHASE_STRIP = NO;
				DEBUG_INFORMATION_FORMAT = dwarf;
				ENABLE_STRICT_OBJC_MSGSEND = YES;
				ENABLE_TESTABILITY = YES;
				ENABLE_USER_SCRIPT_SANDBOXING = YES;
				GCC_C_LANGUAGE_STANDARD = gnu17;
				GCC_DYNAMIC_NO_PIC = NO;
				GCC_NO_COMMON_BLOCKS = YES;
				GCC_OPTIMIZATION_LEVEL = 0;
				GCC_PREPROCESSOR_DEFINITIONS = (
					"DEBUG=1",
					"$(inherited)",
				);
				GCC_WARN_64_TO_32_BIT_CONVERSION = YES;
				GCC_WARN_ABOUT_RETURN_TYPE = YES_ERROR;
				GCC_WARN_UNDECLARED_SELECTOR = YES;
				GCC_WARN_UNINITIALIZED_AUTOS = YES_AGGRESSIVE;
				GCC_WARN_UNUSED_FUNCTION = YES;
				GCC_WARN_UNUSED_VARIABLE = YES;
				IPHONEOS_DEPLOYMENT_TARGET = 17.2;
				LOCALIZATION_PREFERS_STRING_CATALOGS = YES;
				MTL_ENABLE_DEBUG_INFO = INCLUDE_SOURCE;
				MTL_FAST_MATH = YES;
				ONLY_ACTIVE_ARCH = YES;
				SDKROOT = iphoneos;
				SWIFT_ACTIVE_COMPILATION_CONDITIONS = "DEBUG $(inherited)";
				SWIFT_OPTIMIZATION_LEVEL = "-Onone";
			};
			name = Debug;
		};
		B63A7A7E2B390A4200A08210 /* Release */ = {
			isa = XCBuildConfiguration;
			buildSettings = {
				ALWAYS_SEARCH_USER_PATHS = NO;
				ASSETCATALOG_COMPILER_GENERATE_SWIFT_ASSET_SYMBOL_EXTENSIONS = YES;
				CLANG_ANALYZER_NONNULL = YES;
				CLANG_ANALYZER_NUMBER_OBJECT_CONVERSION = YES_AGGRESSIVE;
				CLANG_CXX_LANGUAGE_STANDARD = "gnu++20";
				CLANG_ENABLE_MODULES = YES;
				CLANG_ENABLE_OBJC_ARC = YES;
				CLANG_ENABLE_OBJC_WEAK = YES;
				CLANG_WARN_BLOCK_CAPTURE_AUTORELEASING = YES;
				CLANG_WARN_BOOL_CONVERSION = YES;
				CLANG_WARN_COMMA = YES;
				CLANG_WARN_CONSTANT_CONVERSION = YES;
				CLANG_WARN_DEPRECATED_OBJC_IMPLEMENTATIONS = YES;
				CLANG_WARN_DIRECT_OBJC_ISA_USAGE = YES_ERROR;
				CLANG_WARN_DOCUMENTATION_COMMENTS = YES;
				CLANG_WARN_EMPTY_BODY = YES;
				CLANG_WARN_ENUM_CONVERSION = YES;
				CLANG_WARN_INFINITE_RECURSION = YES;
				CLANG_WARN_INT_CONVERSION = YES;
				CLANG_WARN_NON_LITERAL_NULL_CONVERSION = YES;
				CLANG_WARN_OBJC_IMPLICIT_RETAIN_SELF = YES;
				CLANG_WARN_OBJC_LITERAL_CONVERSION = YES;
				CLANG_WARN_OBJC_ROOT_CLASS = YES_ERROR;
				CLANG_WARN_QUOTED_INCLUDE_IN_FRAMEWORK_HEADER = YES;
				CLANG_WARN_RANGE_LOOP_ANALYSIS = YES;
				CLANG_WARN_STRICT_PROTOTYPES = YES;
				CLANG_WARN_SUSPICIOUS_MOVE = YES;
				CLANG_WARN_UNGUARDED_AVAILABILITY = YES_AGGRESSIVE;
				CLANG_WARN_UNREACHABLE_CODE = YES;
				CLANG_WARN__DUPLICATE_METHOD_MATCH = YES;
				COPY_PHASE_STRIP = NO;
				DEBUG_INFORMATION_FORMAT = "dwarf-with-dsym";
				ENABLE_NS_ASSERTIONS = NO;
				ENABLE_STRICT_OBJC_MSGSEND = YES;
				ENABLE_USER_SCRIPT_SANDBOXING = YES;
				GCC_C_LANGUAGE_STANDARD = gnu17;
				GCC_NO_COMMON_BLOCKS = YES;
				GCC_WARN_64_TO_32_BIT_CONVERSION = YES;
				GCC_WARN_ABOUT_RETURN_TYPE = YES_ERROR;
				GCC_WARN_UNDECLARED_SELECTOR = YES;
				GCC_WARN_UNINITIALIZED_AUTOS = YES_AGGRESSIVE;
				GCC_WARN_UNUSED_FUNCTION = YES;
				GCC_WARN_UNUSED_VARIABLE = YES;
				IPHONEOS_DEPLOYMENT_TARGET = 17.2;
				LOCALIZATION_PREFERS_STRING_CATALOGS = YES;
				MTL_ENABLE_DEBUG_INFO = NO;
				MTL_FAST_MATH = YES;
				SDKROOT = iphoneos;
				SWIFT_COMPILATION_MODE = wholemodule;
				VALIDATE_PRODUCT = YES;
			};
			name = Release;
		};
		B63A7A802B390A4200A08210 /* Debug */ = {
			isa = XCBuildConfiguration;
			buildSettings = {
				ASSETCATALOG_COMPILER_APPICON_NAME = AppIcon;
				ASSETCATALOG_COMPILER_GLOBAL_ACCENT_COLOR_NAME = AccentColor;
				CODE_SIGN_STYLE = Automatic;
				CURRENT_PROJECT_VERSION = 1;
				DEVELOPMENT_ASSET_PATHS = "\"bestok/Preview Content\"";
				DEVELOPMENT_TEAM = DLL674263K;
				ENABLE_PREVIEWS = YES;
				GENERATE_INFOPLIST_FILE = YES;
				INFOPLIST_FILE = bestok/Info.plist;
				INFOPLIST_KEY_CFBundleDisplayName = Cincau;
				INFOPLIST_KEY_LSApplicationCategoryType = "";
				INFOPLIST_KEY_NSPhotoLibraryAddUsageDescription = "Cincau requires access to your photo library to save videos to your device gallery";
				INFOPLIST_KEY_NSPhotoLibraryUsageDescription = "Cincau accesses your video library when you downloaded video";
				INFOPLIST_KEY_UIApplicationSceneManifest_Generation = YES;
				INFOPLIST_KEY_UIApplicationSupportsIndirectInputEvents = YES;
				INFOPLIST_KEY_UILaunchScreen_Generation = YES;
				INFOPLIST_KEY_UISupportedInterfaceOrientations_iPad = "UIInterfaceOrientationPortrait UIInterfaceOrientationPortraitUpsideDown UIInterfaceOrientationLandscapeLeft UIInterfaceOrientationLandscapeRight";
				INFOPLIST_KEY_UISupportedInterfaceOrientations_iPhone = "UIInterfaceOrientationPortrait UIInterfaceOrientationLandscapeLeft UIInterfaceOrientationLandscapeRight";
				IPHONEOS_DEPLOYMENT_TARGET = 17.0;
				LD_RUNPATH_SEARCH_PATHS = (
					"$(inherited)",
					"@executable_path/Frameworks",
				);
				MARKETING_VERSION = 1.0;
				PRODUCT_BUNDLE_IDENTIFIER = kicikku.bestok;
				PRODUCT_NAME = "$(TARGET_NAME)";
				SUPPORTED_PLATFORMS = "iphoneos iphonesimulator xros xrsimulator";
				SUPPORTS_MACCATALYST = NO;
				SUPPORTS_XR_DESIGNED_FOR_IPHONE_IPAD = NO;
				SWIFT_EMIT_LOC_STRINGS = YES;
				SWIFT_VERSION = 5.0;
				TARGETED_DEVICE_FAMILY = "1,7";
			};
			name = Debug;
		};
		B63A7A812B390A4200A08210 /* Release */ = {
			isa = XCBuildConfiguration;
			buildSettings = {
				ASSETCATALOG_COMPILER_APPICON_NAME = AppIcon;
				ASSETCATALOG_COMPILER_GLOBAL_ACCENT_COLOR_NAME = AccentColor;
				CODE_SIGN_STYLE = Automatic;
				CURRENT_PROJECT_VERSION = 1;
				DEVELOPMENT_ASSET_PATHS = "\"bestok/Preview Content\"";
				DEVELOPMENT_TEAM = DLL674263K;
				ENABLE_PREVIEWS = YES;
				GENERATE_INFOPLIST_FILE = YES;
				INFOPLIST_FILE = bestok/Info.plist;
				INFOPLIST_KEY_CFBundleDisplayName = Cincau;
				INFOPLIST_KEY_LSApplicationCategoryType = "";
				INFOPLIST_KEY_NSPhotoLibraryAddUsageDescription = "Cincau requires access to your photo library to save videos to your device gallery";
				INFOPLIST_KEY_NSPhotoLibraryUsageDescription = "Cincau accesses your video library when you downloaded video";
				INFOPLIST_KEY_UIApplicationSceneManifest_Generation = YES;
				INFOPLIST_KEY_UIApplicationSupportsIndirectInputEvents = YES;
				INFOPLIST_KEY_UILaunchScreen_Generation = YES;
				INFOPLIST_KEY_UISupportedInterfaceOrientations_iPad = "UIInterfaceOrientationPortrait UIInterfaceOrientationPortraitUpsideDown UIInterfaceOrientationLandscapeLeft UIInterfaceOrientationLandscapeRight";
				INFOPLIST_KEY_UISupportedInterfaceOrientations_iPhone = "UIInterfaceOrientationPortrait UIInterfaceOrientationLandscapeLeft UIInterfaceOrientationLandscapeRight";
				IPHONEOS_DEPLOYMENT_TARGET = 17.0;
				LD_RUNPATH_SEARCH_PATHS = (
					"$(inherited)",
					"@executable_path/Frameworks",
				);
				MARKETING_VERSION = 1.0;
				PRODUCT_BUNDLE_IDENTIFIER = kicikku.bestok;
				PRODUCT_NAME = "$(TARGET_NAME)";
				SUPPORTED_PLATFORMS = "iphoneos iphonesimulator xros xrsimulator";
				SUPPORTS_MACCATALYST = NO;
				SUPPORTS_XR_DESIGNED_FOR_IPHONE_IPAD = NO;
				SWIFT_EMIT_LOC_STRINGS = YES;
				SWIFT_VERSION = 5.0;
				TARGETED_DEVICE_FAMILY = "1,7";
			};
			name = Release;
		};
		B63A7A832B390A4200A08210 /* Debug */ = {
			isa = XCBuildConfiguration;
			buildSettings = {
				ALWAYS_EMBED_SWIFT_STANDARD_LIBRARIES = YES;
				BUNDLE_LOADER = "$(TEST_HOST)";
				CODE_SIGN_STYLE = Automatic;
				CURRENT_PROJECT_VERSION = 1;
				DEVELOPMENT_TEAM = DLL674263K;
				GENERATE_INFOPLIST_FILE = YES;
				IPHONEOS_DEPLOYMENT_TARGET = 17.2;
				MARKETING_VERSION = 1.0;
				PRODUCT_BUNDLE_IDENTIFIER = kicikku.bestokTests;
				PRODUCT_NAME = "$(TARGET_NAME)";
				SWIFT_EMIT_LOC_STRINGS = NO;
				SWIFT_VERSION = 5.0;
				TARGETED_DEVICE_FAMILY = "1,2";
				TEST_HOST = "$(BUILT_PRODUCTS_DIR)/bestok.app/$(BUNDLE_EXECUTABLE_FOLDER_PATH)/bestok";
			};
			name = Debug;
		};
		B63A7A842B390A4200A08210 /* Release */ = {
			isa = XCBuildConfiguration;
			buildSettings = {
				ALWAYS_EMBED_SWIFT_STANDARD_LIBRARIES = YES;
				BUNDLE_LOADER = "$(TEST_HOST)";
				CODE_SIGN_STYLE = Automatic;
				CURRENT_PROJECT_VERSION = 1;
				DEVELOPMENT_TEAM = DLL674263K;
				GENERATE_INFOPLIST_FILE = YES;
				IPHONEOS_DEPLOYMENT_TARGET = 17.2;
				MARKETING_VERSION = 1.0;
				PRODUCT_BUNDLE_IDENTIFIER = kicikku.bestokTests;
				PRODUCT_NAME = "$(TARGET_NAME)";
				SWIFT_EMIT_LOC_STRINGS = NO;
				SWIFT_VERSION = 5.0;
				TARGETED_DEVICE_FAMILY = "1,2";
				TEST_HOST = "$(BUILT_PRODUCTS_DIR)/bestok.app/$(BUNDLE_EXECUTABLE_FOLDER_PATH)/bestok";
			};
			name = Release;
		};
		B63A7A862B390A4200A08210 /* Debug */ = {
			isa = XCBuildConfiguration;
			buildSettings = {
				ALWAYS_EMBED_SWIFT_STANDARD_LIBRARIES = YES;
				CODE_SIGN_STYLE = Automatic;
				CURRENT_PROJECT_VERSION = 1;
				DEVELOPMENT_TEAM = DLL674263K;
				GENERATE_INFOPLIST_FILE = YES;
				MARKETING_VERSION = 1.0;
				PRODUCT_BUNDLE_IDENTIFIER = kicikku.bestokUITests;
				PRODUCT_NAME = "$(TARGET_NAME)";
				SWIFT_EMIT_LOC_STRINGS = NO;
				SWIFT_VERSION = 5.0;
				TARGETED_DEVICE_FAMILY = "1,2";
				TEST_TARGET_NAME = bestok;
			};
			name = Debug;
		};
		B63A7A872B390A4200A08210 /* Release */ = {
			isa = XCBuildConfiguration;
			buildSettings = {
				ALWAYS_EMBED_SWIFT_STANDARD_LIBRARIES = YES;
				CODE_SIGN_STYLE = Automatic;
				CURRENT_PROJECT_VERSION = 1;
				DEVELOPMENT_TEAM = DLL674263K;
				GENERATE_INFOPLIST_FILE = YES;
				MARKETING_VERSION = 1.0;
				PRODUCT_BUNDLE_IDENTIFIER = kicikku.bestokUITests;
				PRODUCT_NAME = "$(TARGET_NAME)";
				SWIFT_EMIT_LOC_STRINGS = NO;
				SWIFT_VERSION = 5.0;
				TARGETED_DEVICE_FAMILY = "1,2";
				TEST_TARGET_NAME = bestok;
			};
			name = Release;
		};
/* End XCBuildConfiguration section */

/* Begin XCConfigurationList section */
		B63A7A542B390A4100A08210 /* Build configuration list for PBXProject "bestok" */ = {
			isa = XCConfigurationList;
			buildConfigurations = (
				B63A7A7D2B390A4200A08210 /* Debug */,
				B63A7A7E2B390A4200A08210 /* Release */,
			);
			defaultConfigurationIsVisible = 0;
			defaultConfigurationName = Release;
		};
		B63A7A7F2B390A4200A08210 /* Build configuration list for PBXNativeTarget "bestok" */ = {
			isa = XCConfigurationList;
			buildConfigurations = (
				B63A7A802B390A4200A08210 /* Debug */,
				B63A7A812B390A4200A08210 /* Release */,
			);
			defaultConfigurationIsVisible = 0;
			defaultConfigurationName = Release;
		};
		B63A7A822B390A4200A08210 /* Build configuration list for PBXNativeTarget "bestokTests" */ = {
			isa = XCConfigurationList;
			buildConfigurations = (
				B63A7A832B390A4200A08210 /* Debug */,
				B63A7A842B390A4200A08210 /* Release */,
			);
			defaultConfigurationIsVisible = 0;
			defaultConfigurationName = Release;
		};
		B63A7A852B390A4200A08210 /* Build configuration list for PBXNativeTarget "bestokUITests" */ = {
			isa = XCConfigurationList;
			buildConfigurations = (
				B63A7A862B390A4200A08210 /* Debug */,
				B63A7A872B390A4200A08210 /* Release */,
			);
			defaultConfigurationIsVisible = 0;
			defaultConfigurationName = Release;
		};
/* End XCConfigurationList section */
	};
	rootObject = B63A7A512B390A4100A08210 /* Project object */;
}
